
Microsoft Visual Studio Solution File, Format Version 12.00
# Visual Studio Version 16
VisualStudioVersion = 16.0.29709.97
MinimumVisualStudioVersion = 10.0.40219.1
Project("{9A19103F-16F7-4668-BE54-9A1E7A4F7556}") = "VotosEleitores", "VotosEleitores\VotosEleitores.csproj", "{FEB26A04-CE2C-4B6D-954A-B42F0E279F9A}"
EndProject
Project("{FAE04EC0-301F-11D3-BF4B-00C04F79EFBC}") = "VotosEleitores.Tests", "VotosEleitores.Tests\VotosEleitores.Tests.csproj", "{BCBB07DB-8262-4B18-9E5F-D099F606A86C}"
EndProject
Global
	GlobalSection(SolutionConfigurationPlatforms) = preSolution
		Debug|Any CPU = Debug|Any CPU
		Release|Any CPU = Release|Any CPU
	EndGlobalSection
	GlobalSection(ProjectConfigurationPlatforms) = postSolution
		{FEB26A04-CE2C-4B6D-954A-B42F0E279F9A}.Debug|Any CPU.ActiveCfg = Debug|Any CPU
		{FEB26A04-CE2C-4B6D-954A-B42F0E279F9A}.Debug|Any CPU.Build.0 = Debug|Any CPU
		{FEB26A04-CE2C-4B6D-954A-B42F0E279F9A}.Release|Any CPU.ActiveCfg = Release|Any CPU
		{FEB26A04-CE2C-4B6D-954A-B42F0E279F9A}.Release|Any CPU.Build.0 = Release|Any CPU
		{BCBB07DB-8262-4B18-9E5F-D099F606A86C}.Debug|Any CPU.ActiveCfg = Debug|Any CPU
		{BCBB07DB-8262-4B18-9E5F-D099F606A86C}.Debug|Any CPU.Build.0 = Debug|Any CPU
		{BCBB07DB-8262-4B18-9E5F-D099F606A86C}.Release|Any CPU.ActiveCfg = Release|Any CPU
		{BCBB07DB-8262-4B18-9E5F-D099F606A86C}.Release|Any CPU.Build.0 = Release|Any CPU
	EndGlobalSection
	GlobalSection(SolutionProperties) = preSolution
		HideSolutionNode = FALSE
	EndGlobalSection
	GlobalSection(ExtensibilityGlobals) = postSolution
		SolutionGuid = {C1F33556-4BF1-4519-A963-C11CFAF23A69}
	EndGlobalSection
EndGlobal
